
Microsoft Visual Studio Solution File, Format Version 12.00
# Visual Studio Version 16
VisualStudioVersion = 25.0.1706.6
MinimumVisualStudioVersion = 10.0.40219.1
Project("{FAE04EC0-301F-11D3-BF4B-00C04F79EFBC}") = "examen", "examen\examen.csproj", "{7B1212C6-4F2E-4F43-A096-A0EE76B0AE2E}"
EndProject
Global
	GlobalSection(SolutionConfigurationPlatforms) = preSolution
		Debug|Any CPU = Debug|Any CPU
		Release|Any CPU = Release|Any CPU
	EndGlobalSection
	GlobalSection(ProjectConfigurationPlatforms) = postSolution
		{7B1212C6-4F2E-4F43-A096-A0EE76B0AE2E}.Debug|Any CPU.ActiveCfg = Debug|Any CPU
		{7B1212C6-4F2E-4F43-A096-A0EE76B0AE2E}.Debug|Any CPU.Build.0 = Debug|Any CPU
		{7B1212C6-4F2E-4F43-A096-A0EE76B0AE2E}.Release|Any CPU.ActiveCfg = Release|Any CPU
		{7B1212C6-4F2E-4F43-A096-A0EE76B0AE2E}.Release|Any CPU.Build.0 = Release|Any CPU
	EndGlobalSection
	GlobalSection(SolutionProperties) = preSolution
		HideSolutionNode = FALSE
	EndGlobalSection
	GlobalSection(ExtensibilityGlobals) = postSolution
		SolutionGuid = {5C06B51C-A8F8-453D-B761-9C55D1ED3B5A}
	EndGlobalSection
EndGlobal
